
Microsoft Visual Studio Solution File, Format Version 12.00
# Visual Studio Version 17
VisualStudioVersion = 17.7.34009.444
MinimumVisualStudioVersion = 10.0.40219.1
Project("{9A19103F-16F7-4668-BE54-9A1E7A4F7556}") = "FlightChangeDetection.ConsoleApp", "FlightChangeDetection.ConsoleApp.csproj", "{1E7A9FF7-63A5-4BD2-9FA5-1A44E4E0D41E}"
EndProject
Project("{FAE04EC0-301F-11D3-BF4B-00C04F79EFBC}") = "FlightChangeDetection.DAO", "..\FlightChangeDetection.DAO\FlightChangeDetection.DAO.csproj", "{2444274B-7F39-47CD-910F-CA3EDC827713}"
EndProject
Project("{FAE04EC0-301F-11D3-BF4B-00C04F79EFBC}") = "FlightChangeDetection.Service", "..\FlightChangeDetection.Service\FlightChangeDetection.Service.csproj", "{52ACC16B-F10C-43EF-BF66-3A98EAA1BDC8}"
EndProject
Global
	GlobalSection(SolutionConfigurationPlatforms) = preSolution
		Debug|Any CPU = Debug|Any CPU
		Release|Any CPU = Release|Any CPU
	EndGlobalSection
	GlobalSection(ProjectConfigurationPlatforms) = postSolution
		{1E7A9FF7-63A5-4BD2-9FA5-1A44E4E0D41E}.Debug|Any CPU.ActiveCfg = Debug|Any CPU
		{1E7A9FF7-63A5-4BD2-9FA5-1A44E4E0D41E}.Debug|Any CPU.Build.0 = Debug|Any CPU
		{1E7A9FF7-63A5-4BD2-9FA5-1A44E4E0D41E}.Release|Any CPU.ActiveCfg = Release|Any CPU
		{1E7A9FF7-63A5-4BD2-9FA5-1A44E4E0D41E}.Release|Any CPU.Build.0 = Release|Any CPU
		{2444274B-7F39-47CD-910F-CA3EDC827713}.Debug|Any CPU.ActiveCfg = Debug|Any CPU
		{2444274B-7F39-47CD-910F-CA3EDC827713}.Debug|Any CPU.Build.0 = Debug|Any CPU
		{2444274B-7F39-47CD-910F-CA3EDC827713}.Release|Any CPU.ActiveCfg = Release|Any CPU
		{2444274B-7F39-47CD-910F-CA3EDC827713}.Release|Any CPU.Build.0 = Release|Any CPU
		{52ACC16B-F10C-43EF-BF66-3A98EAA1BDC8}.Debug|Any CPU.ActiveCfg = Debug|Any CPU
		{52ACC16B-F10C-43EF-BF66-3A98EAA1BDC8}.Debug|Any CPU.Build.0 = Debug|Any CPU
		{52ACC16B-F10C-43EF-BF66-3A98EAA1BDC8}.Release|Any CPU.ActiveCfg = Release|Any CPU
		{52ACC16B-F10C-43EF-BF66-3A98EAA1BDC8}.Release|Any CPU.Build.0 = Release|Any CPU
	EndGlobalSection
	GlobalSection(SolutionProperties) = preSolution
		HideSolutionNode = FALSE
	EndGlobalSection
	GlobalSection(ExtensibilityGlobals) = postSolution
		SolutionGuid = {BEFFB37D-B02D-4241-822F-498ECE740B7D}
	EndGlobalSection
EndGlobal
